
Microsoft Visual Studio Solution File, Format Version 12.00
# Visual Studio Version 17
VisualStudioVersion = 17.11.35312.102
MinimumVisualStudioVersion = 10.0.40219.1
Project("{9A19103F-16F7-4668-BE54-9A1E7A4F7556}") = "UI.PTLavaCar", "LavaCar.Presentacion\UI.PTLavaCar.csproj", "{3511F40B-3165-41F6-A9E1-FBF66D617073}"
EndProject
Project("{2150E333-8FDC-42A3-9474-1A3956D46DE8}") = "Bibliotecas", "Bibliotecas", "{98435668-1558-473C-8293-4B9F3194DA19}"
EndProject
Project("{9A19103F-16F7-4668-BE54-9A1E7A4F7556}") = "PTLavaCar.BussinesLogic", "PTLavaCar.ConsumoLogic\PTLavaCar.BussinesLogic.csproj", "{3198B7A5-8516-47A1-A02E-F3F87D91E2AF}"
EndProject
Project("{9A19103F-16F7-4668-BE54-9A1E7A4F7556}") = "PTLavaCar.DataAccess", "PTLavaCar.DataAccess\PTLavaCar.DataAccess.csproj", "{9B957A6A-0557-49BA-8C4D-0EEDE3938CDD}"
EndProject
Project("{9A19103F-16F7-4668-BE54-9A1E7A4F7556}") = "PTLavaCar.Models", "PTLavaCar.Models\PTLavaCar.Models.csproj", "{620224B6-977A-44A2-B5A9-FB815DC1E3BD}"
EndProject
Project("{9A19103F-16F7-4668-BE54-9A1E7A4F7556}") = "Test.PTLavaCar", "Tests.PTLavaCar\Test.PTLavaCar.csproj", "{7A14224E-9354-4705-B5DF-42464B7D1899}"
EndProject
Global
	GlobalSection(SolutionConfigurationPlatforms) = preSolution
		Debug|Any CPU = Debug|Any CPU
		Release|Any CPU = Release|Any CPU
	EndGlobalSection
	GlobalSection(ProjectConfigurationPlatforms) = postSolution
		{3511F40B-3165-41F6-A9E1-FBF66D617073}.Debug|Any CPU.ActiveCfg = Debug|Any CPU
		{3511F40B-3165-41F6-A9E1-FBF66D617073}.Debug|Any CPU.Build.0 = Debug|Any CPU
		{3511F40B-3165-41F6-A9E1-FBF66D617073}.Release|Any CPU.ActiveCfg = Release|Any CPU
		{3511F40B-3165-41F6-A9E1-FBF66D617073}.Release|Any CPU.Build.0 = Release|Any CPU
		{3198B7A5-8516-47A1-A02E-F3F87D91E2AF}.Debug|Any CPU.ActiveCfg = Debug|Any CPU
		{3198B7A5-8516-47A1-A02E-F3F87D91E2AF}.Debug|Any CPU.Build.0 = Debug|Any CPU
		{3198B7A5-8516-47A1-A02E-F3F87D91E2AF}.Release|Any CPU.ActiveCfg = Release|Any CPU
		{3198B7A5-8516-47A1-A02E-F3F87D91E2AF}.Release|Any CPU.Build.0 = Release|Any CPU
		{9B957A6A-0557-49BA-8C4D-0EEDE3938CDD}.Debug|Any CPU.ActiveCfg = Debug|Any CPU
		{9B957A6A-0557-49BA-8C4D-0EEDE3938CDD}.Debug|Any CPU.Build.0 = Debug|Any CPU
		{9B957A6A-0557-49BA-8C4D-0EEDE3938CDD}.Release|Any CPU.ActiveCfg = Release|Any CPU
		{9B957A6A-0557-49BA-8C4D-0EEDE3938CDD}.Release|Any CPU.Build.0 = Release|Any CPU
		{620224B6-977A-44A2-B5A9-FB815DC1E3BD}.Debug|Any CPU.ActiveCfg = Debug|Any CPU
		{620224B6-977A-44A2-B5A9-FB815DC1E3BD}.Debug|Any CPU.Build.0 = Debug|Any CPU
		{620224B6-977A-44A2-B5A9-FB815DC1E3BD}.Release|Any CPU.ActiveCfg = Release|Any CPU
		{620224B6-977A-44A2-B5A9-FB815DC1E3BD}.Release|Any CPU.Build.0 = Release|Any CPU
		{7A14224E-9354-4705-B5DF-42464B7D1899}.Debug|Any CPU.ActiveCfg = Debug|Any CPU
		{7A14224E-9354-4705-B5DF-42464B7D1899}.Debug|Any CPU.Build.0 = Debug|Any CPU
		{7A14224E-9354-4705-B5DF-42464B7D1899}.Release|Any CPU.ActiveCfg = Release|Any CPU
		{7A14224E-9354-4705-B5DF-42464B7D1899}.Release|Any CPU.Build.0 = Release|Any CPU
	EndGlobalSection
	GlobalSection(SolutionProperties) = preSolution
		HideSolutionNode = FALSE
	EndGlobalSection
	GlobalSection(NestedProjects) = preSolution
		{3198B7A5-8516-47A1-A02E-F3F87D91E2AF} = {98435668-1558-473C-8293-4B9F3194DA19}
		{9B957A6A-0557-49BA-8C4D-0EEDE3938CDD} = {98435668-1558-473C-8293-4B9F3194DA19}
		{620224B6-977A-44A2-B5A9-FB815DC1E3BD} = {98435668-1558-473C-8293-4B9F3194DA19}
	EndGlobalSection
	GlobalSection(ExtensibilityGlobals) = postSolution
		SolutionGuid = {624B16A0-A465-4824-9585-8BDF2DD17E81}
	EndGlobalSection
EndGlobal
